PODS:
  - Alamofire (4.0.1)
  - ReachabilitySwift (3)
  - SwiftyJSON (3.1.4)

DEPENDENCIES:
  - Alamofire
  - ReachabilitySwift
  - SwiftyJSON (~> 3.1.4)

SPEC CHECKSUMS:
  Alamofire: 7682d43245de14874acd142ec137b144aa1dd335
  ReachabilitySwift: f5b9bb30a0777fac8f09ce8b067e32faeb29bb64
  SwiftyJSON: c2842d878f95482ffceec5709abc3d05680c0220

PODFILE CHECKSUM: 17850d0c1e3eb5112862cce5b8b8e2b23dd665f7

COCOAPODS: 1.2.1
